
Microsoft Visual Studio Solution File, Format Version 12.00
# Visual Studio Version 17
VisualStudioVersion = 17.7.34024.191
MinimumVisualStudioVersion = 10.0.40219.1
Project("{FAE04EC0-301F-11D3-BF4B-00C04F79EFBC}") = "selection_sort_algorithm", "selection_sort_algorithm\selection_sort_algorithm.csproj", "{69E48436-92A4-47BC-B995-B4F571BDF980}"
EndProject
Global
	GlobalSection(SolutionConfigurationPlatforms) = preSolution
		Debug|Any CPU = Debug|Any CPU
		Release|Any CPU = Release|Any CPU
	EndGlobalSection
	GlobalSection(ProjectConfigurationPlatforms) = postSolution
		{69E48436-92A4-47BC-B995-B4F571BDF980}.Debug|Any CPU.ActiveCfg = Debug|Any CPU
		{69E48436-92A4-47BC-B995-B4F571BDF980}.Debug|Any CPU.Build.0 = Debug|Any CPU
		{69E48436-92A4-47BC-B995-B4F571BDF980}.Release|Any CPU.ActiveCfg = Release|Any CPU
		{69E48436-92A4-47BC-B995-B4F571BDF980}.Release|Any CPU.Build.0 = Release|Any CPU
	EndGlobalSection
	GlobalSection(SolutionProperties) = preSolution
		HideSolutionNode = FALSE
	EndGlobalSection
	GlobalSection(ExtensibilityGlobals) = postSolution
		SolutionGuid = {7661B380-2DC1-4F4D-BA4B-3EFB8320ABEE}
	EndGlobalSection
EndGlobal
